# This file is autogenerated, do not edit; changes may be undone by the next 'dep ensure'.


[[projects]]
  branch = "master"
  name = "github.com/google/gousb"
  packages = ["."]
  revision = "92967a7d1098e3bc2a1cd0fcb652ca3c331a4419"

[solve-meta]
  analyzer-name = "dep"
  analyzer-version = 1
  inputs-digest = "b06edc1cea9b976aad7107fdb860b12d24006484812bd70b0894bd75b65d13c5"
  solver-name = "gps-cdcl"
  solver-version = 1
